// !$*UTF8*$!
{
	archiveVersion = 1;
	classes = {
	};
	objectVersion = 46;
	objects = {

/* Begin PBXBuildFile section */
		18A420261A46F2BA00A0B013 /* AppDelegate.swift in Sources */ = {isa = PBXBuildFile; fileRef = 18A420251A46F2BA00A0B013 /* AppDelegate.swift */; };
		18A420281A46F2BA00A0B013 /* ViewController.swift in Sources */ = {isa = PBXBuildFile; fileRef = 18A420271A46F2BA00A0B013 /* ViewController.swift */; };
		18A4202B1A46F2BA00A0B013 /* Main.storyboard in Resources */ = {isa = PBXBuildFile; fileRef = 18A420291A46F2BA00A0B013 /* Main.storyboard */; };
		18A4202D1A46F2BB00A0B013 /* Images.xcassets in Resources */ = {isa = PBXBuildFile; fileRef = 18A4202C1A46F2BB00A0B013 /* Images.xcassets */; };
		18A420301A46F2BB00A0B013 /* LaunchScreen.xib in Resources */ = {isa = PBXBuildFile; fileRef = 18A4202E1A46F2BB00A0B013 /* LaunchScreen.xib */; };
		18A4203C1A46F2BB00A0B013 /* recalTests.swift in Sources */ = {isa = PBXBuildFile; fileRef = 18A4203B1A46F2BB00A0B013 /* recalTests.swift */; };
/* End PBXBuildFile section */

/* Begin PBXContainerItemProxy section */
		18A420361A46F2BB00A0B013 /* PBXContainerItemProxy */ = {
			isa = PBXContainerItemProxy;
			containerPortal = 18A420181A46F2B800A0B013 /* Project object */;
			proxyType = 1;
			remoteGlobalIDString = 18A4201F1A46F2B900A0B013;
			remoteInfo = recal;
		};
/* End PBXContainerItemProxy section */

/* Begin PBXFileReference section */
		18A420201A46F2B900A0B013 /* recal.app */ = {isa = PBXFileReference; explicitFileType = wrapper.application; includeInIndex = 0; path = recal.app; sourceTree = BUILT_PRODUCTS_DIR; };
		18A420241A46F2BA00A0B013 /* Info.plist */ = {isa = PBXFileReference; lastKnownFileType = text.plist.xml; path = Info.plist; sourceTree = "<group>"; };
		18A420251A46F2BA00A0B013 /* AppDelegate.swift */ = {isa = PBXFileReference; lastKnownFileType = sourcecode.swift; path = AppDelegate.swift; sourceTree = "<group>"; };
		18A420271A46F2BA00A0B013 /* ViewController.swift */ = {isa = PBXFileReference; lastKnownFileType = sourcecode.swift; path = ViewController.swift; sourceTree = "<group>"; };
		18A4202A1A46F2BA00A0B013 /* Base */ = {isa = PBXFileReference; lastKnownFileType = file.storyboard; name = Base; path = Base.lproj/Main.storyboard; sourceTree = "<group>"; };
		18A4202C1A46F2BB00A0B013 /* Images.xcassets */ = {isa = PBXFileReference; lastKnownFileType = folder.assetcatalog; path = Images.xcassets; sourceTree = "<group>"; };
		18A4202F1A46F2BB00A0B013 /* Base */ = {isa = PBXFileReference; lastKnownFileType = file.xib; name = Base; path = Base.lproj/LaunchScreen.xib; sourceTree = "<group>"; };
		18A420351A46F2BB00A0B013 /* recalTests.xctest */ = {isa = PBXFileReference; explicitFileType = wrapper.cfbundle; includeInIndex = 0; path = recalTests.xctest; sourceTree = BUILT_PRODUCTS_DIR; };
		18A4203A1A46F2BB00A0B013 /* Info.plist */ = {isa = PBXFileReference; lastKnownFileType = text.plist.xml; path = Info.plist; sourceTree = "<group>"; };
		18A4203B1A46F2BB00A0B013 /* recalTests.swift */ = {isa = PBXFileReference; lastKnownFileType = sourcecode.swift; path = recalTests.swift; sourceTree = "<group>"; };
/* End PBXFileReference section */

/* Begin PBXFrameworksBuildPhase section */
		18A4201D1A46F2B900A0B013 /* Frameworks */ = {
			isa = PBXFrameworksBuildPhase;
			buildActionMask = 2147483647;
			files = (
			);
			runOnlyForDeploymentPostprocessing = 0;
		};
		18A420321A46F2BB00A0B013 /* Frameworks */ = {
			isa = PBXFrameworksBuildPhase;
			buildActionMask = 2147483647;
			files = (
			);
			runOnlyForDeploymentPostprocessing = 0;
		};
/* End PBXFrameworksBuildPhase section */

/* Begin PBXGroup section */
		18A420171A46F2B800A0B013 = {
			isa = PBXGroup;
			children = (
				18A420221A46F2B900A0B013 /* recal */,
				18A420381A46F2BB00A0B013 /* recalTests */,
				18A420211A46F2B900A0B013 /* Products */,
			);
			sourceTree = "<group>";
		};
		18A420211A46F2B900A0B013 /* Products */ = {
			isa = PBXGroup;
			children = (
				18A420201A46F2B900A0B013 /* recal.app */,
				18A420351A46F2BB00A0B013 /* recalTests.xctest */,
			);
			name = Products;
			sourceTree = "<group>";
		};
		18A420221A46F2B900A0B013 /* recal */ = {
			isa = PBXGroup;
			children = (
				18A420251A46F2BA00A0B013 /* AppDelegate.swift */,
				18A420271A46F2BA00A0B013 /* ViewController.swift */,
				18A420291A46F2BA00A0B013 /* Main.storyboard */,
				18A4202C1A46F2BB00A0B013 /* Images.xcassets */,
				18A4202E1A46F2BB00A0B013 /* LaunchScreen.xib */,
				18A420231A46F2BA00A0B013 /* Supporting Files */,
			);
			path = recal;
			sourceTree = "<group>";
		};
		18A420231A46F2BA00A0B013 /* Supporting Files */ = {
			isa = PBXGroup;
			children = (
				18A420241A46F2BA00A0B013 /* Info.plist */,
			);
			name = "Supporting Files";
			sourceTree = "<group>";
		};
		18A420381A46F2BB00A0B013 /* recalTests */ = {
			isa = PBXGroup;
			children = (
				18A4203B1A46F2BB00A0B013 /* recalTests.swift */,
				18A420391A46F2BB00A0B013 /* Supporting Files */,
			);
			path = recalTests;
			sourceTree = "<group>";
		};
		18A420391A46F2BB00A0B013 /* Supporting Files */ = {
			isa = PBXGroup;
			children = (
				18A4203A1A46F2BB00A0B013 /* Info.plist */,
			);
			name = "Supporting Files";
			sourceTree = "<group>";
		};
/* End PBXGroup section */

/* Begin PBXNativeTarget section */
		18A4201F1A46F2B900A0B013 /* recal */ = {
			isa = PBXNativeTarget;
			buildConfigurationList = 18A4203F1A46F2BB00A0B013 /* Build configuration list for PBXNativeTarget "recal" */;
			buildPhases = (
				18A4201C1A46F2B900A0B013 /* Sources */,
				18A4201D1A46F2B900A0B013 /* Frameworks */,
				18A4201E1A46F2B900A0B013 /* Resources */,
			);
			buildRules = (
			);
			dependencies = (
			);
			name = recal;
			productName = recal;
			productReference = 18A420201A46F2B900A0B013 /* recal.app */;
			productType = "com.apple.product-type.application";
		};
		18A420341A46F2BB00A0B013 /* recalTests */ = {
			isa = PBXNativeTarget;
			buildConfigurationList = 18A420421A46F2BB00A0B013 /* Build configuration list for PBXNativeTarget "recalTests" */;
			buildPhases = (
				18A420311A46F2BB00A0B013 /* Sources */,
				18A420321A46F2BB00A0B013 /* Frameworks */,
				18A420331A46F2BB00A0B013 /* Resources */,
			);
			buildRules = (
			);
			dependencies = (
				18A420371A46F2BB00A0B013 /* PBXTargetDependency */,
			);
			name = recalTests;
			productName = recalTests;
			productReference = 18A420351A46F2BB00A0B013 /* recalTests.xctest */;
			productType = "com.apple.product-type.bundle.unit-test";
		};
/* End PBXNativeTarget section */

/* Begin PBXProject section */
		18A420181A46F2B800A0B013 /* Project object */ = {
			isa = PBXProject;
			attributes = {
				LastUpgradeCheck = 0600;
				ORGANIZATIONNAME = K;
				TargetAttributes = {
					18A4201F1A46F2B900A0B013 = {
						CreatedOnToolsVersion = 6.0;
					};
					18A420341A46F2BB00A0B013 = {
						CreatedOnToolsVersion = 6.0;
						TestTargetID = 18A4201F1A46F2B900A0B013;
					};
				};
			};
			buildConfigurationList = 18A4201B1A46F2B900A0B013 /* Build configuration list for PBXProject "recal" */;
			compatibilityVersion = "Xcode 3.2";
			developmentRegion = English;
			hasScannedForEncodings = 0;
			knownRegions = (
				en,
				Base,
			);
			mainGroup = 18A420171A46F2B800A0B013;
			productRefGroup = 18A420211A46F2B900A0B013 /* Products */;
			projectDirPath = "";
			projectRoot = "";
			targets = (
				18A4201F1A46F2B900A0B013 /* recal */,
				18A420341A46F2BB00A0B013 /* recalTests */,
			);
		};
/* End PBXProject section */

/* Begin PBXResourcesBuildPhase section */
		18A4201E1A46F2B900A0B013 /* Resources */ = {
			isa = PBXResourcesBuildPhase;
			buildActionMask = 2147483647;
			files = (
				18A4202B1A46F2BA00A0B013 /* Main.storyboard in Resources */,
				18A420301A46F2BB00A0B013 /* LaunchScreen.xib in Resources */,
				18A4202D1A46F2BB00A0B013 /* Images.xcassets in Resources */,
			);
			runOnlyForDeploymentPostprocessing = 0;
		};
		18A420331A46F2BB00A0B013 /* Resources */ = {
			isa = PBXResourcesBuildPhase;
			buildActionMask = 2147483647;
			files = (
			);
			runOnlyForDeploymentPostprocessing = 0;
		};
/* End PBXResourcesBuildPhase section */

/* Begin PBXSourcesBuildPhase section */
		18A4201C1A46F2B900A0B013 /* Sources */ = {
			isa = PBXSourcesBuildPhase;
			buildActionMask = 2147483647;
			files = (
				18A420281A46F2BA00A0B013 /* ViewController.swift in Sources */,
				18A420261A46F2BA00A0B013 /* AppDelegate.swift in Sources */,
			);
			runOnlyForDeploymentPostprocessing = 0;
		};
		18A420311A46F2BB00A0B013 /* Sources */ = {
			isa = PBXSourcesBuildPhase;
			buildActionMask = 2147483647;
			files = (
				18A4203C1A46F2BB00A0B013 /* recalTests.swift in Sources */,
			);
			runOnlyForDeploymentPostprocessing = 0;
		};
/* End PBXSourcesBuildPhase section */

/* Begin PBXTargetDependency section */
		18A420371A46F2BB00A0B013 /* PBXTargetDependency */ = {
			isa = PBXTargetDependency;
			target = 18A4201F1A46F2B900A0B013 /* recal */;
			targetProxy = 18A420361A46F2BB00A0B013 /* PBXContainerItemProxy */;
		};
/* End PBXTargetDependency section */

/* Begin PBXVariantGroup section */
		18A420291A46F2BA00A0B013 /* Main.storyboard */ = {
			isa = PBXVariantGroup;
			children = (
				18A4202A1A46F2BA00A0B013 /* Base */,
			);
			name = Main.storyboard;
			sourceTree = "<group>";
		};
		18A4202E1A46F2BB00A0B013 /* LaunchScreen.xib */ = {
			isa = PBXVariantGroup;
			children = (
				18A4202F1A46F2BB00A0B013 /* Base */,
			);
			name = LaunchScreen.xib;
			sourceTree = "<group>";
		};
/* End PBXVariantGroup section */

/* Begin XCBuildConfiguration section */
		18A4203D1A46F2BB00A0B013 /* Debug */ = {
			isa = XCBuildConfiguration;
			buildSettings = {
				ALWAYS_SEARCH_USER_PATHS = NO;
				CLANG_CXX_LANGUAGE_STANDARD = "gnu++0x";
				CLANG_CXX_LIBRARY = "libc++";
				CLANG_ENABLE_MODULES = YES;
				CLANG_ENABLE_OBJC_ARC = YES;
				CLANG_WARN_BOOL_CONVERSION = YES;
				CLANG_WARN_CONSTANT_CONVERSION = YES;
				CLANG_WARN_DIRECT_OBJC_ISA_USAGE = YES_ERROR;
				CLANG_WARN_EMPTY_BODY = YES;
				CLANG_WARN_ENUM_CONVERSION = YES;
				CLANG_WARN_INT_CONVERSION = YES;
				CLANG_WARN_OBJC_ROOT_CLASS = YES_ERROR;
				CLANG_WARN_UNREACHABLE_CODE = YES;
				CLANG_WARN__DUPLICATE_METHOD_MATCH = YES;
				"CODE_SIGN_IDENTITY[sdk=iphoneos*]" = "iPhone Developer";
				COPY_PHASE_STRIP = NO;
				ENABLE_STRICT_OBJC_MSGSEND = YES;
				GCC_C_LANGUAGE_STANDARD = gnu99;
				GCC_DYNAMIC_NO_PIC = NO;
				GCC_OPTIMIZATION_LEVEL = 0;
				GCC_PREPROCESSOR_DEFINITIONS = (
					"DEBUG=1",
					"$(inherited)",
				);
				GCC_SYMBOLS_PRIVATE_EXTERN = NO;
				GCC_WARN_64_TO_32_BIT_CONVERSION = YES;
				GCC_WARN_ABOUT_RETURN_TYPE = YES_ERROR;
				GCC_WARN_UNDECLARED_SELECTOR = YES;
				GCC_WARN_UNINITIALIZED_AUTOS = YES_AGGRESSIVE;
				GCC_WARN_UNUSED_FUNCTION = YES;
				GCC_WARN_UNUSED_VARIABLE = YES;
				IPHONEOS_DEPLOYMENT_TARGET = 8.0;
				MTL_ENABLE_DEBUG_INFO = YES;
				ONLY_ACTIVE_ARCH = YES;
				SDKROOT = iphoneos;
				SWIFT_OPTIMIZATION_LEVEL = "-Onone";
			};
			name = Debug;
		};
		18A4203E1A46F2BB00A0B013 /* Release */ = {
			isa = XCBuildConfiguration;
			buildSettings = {
				ALWAYS_SEARCH_USER_PATHS = NO;
				CLANG_CXX_LANGUAGE_STANDARD = "gnu++0x";
				CLANG_CXX_LIBRARY = "libc++";
				CLANG_ENABLE_MODULES = YES;
				CLANG_ENABLE_OBJC_ARC = YES;
				CLANG_WARN_BOOL_CONVERSION = YES;
				CLANG_WARN_CONSTANT_CONVERSION = YES;
				CLANG_WARN_DIRECT_OBJC_ISA_USAGE = YES_ERROR;
				CLANG_WARN_EMPTY_BODY = YES;
				CLANG_WARN_ENUM_CONVERSION = YES;
				CLANG_WARN_INT_CONVERSION = YES;
				CLANG_WARN_OBJC_ROOT_CLASS = YES_ERROR;
				CLANG_WARN_UNREACHABLE_CODE = YES;
				CLANG_WARN__DUPLICATE_METHOD_MATCH = YES;
				"CODE_SIGN_IDENTITY[sdk=iphoneos*]" = "iPhone Developer";
				COPY_PHASE_STRIP = YES;
				ENABLE_NS_ASSERTIONS = NO;
				ENABLE_STRICT_OBJC_MSGSEND = YES;
				GCC_C_LANGUAGE_STANDARD = gnu99;
				GCC_WARN_64_TO_32_BIT_CONVERSION = YES;
				GCC_WARN_ABOUT_RETURN_TYPE = YES_ERROR;
				GCC_WARN_UNDECLARED_SELECTOR = YES;
				GCC_WARN_UNINITIALIZED_AUTOS = YES_AGGRESSIVE;
				GCC_WARN_UNUSED_FUNCTION = YES;
				GCC_WARN_UNUSED_VARIABLE = YES;
				IPHONEOS_DEPLOYMENT_TARGET = 8.0;
				MTL_ENABLE_DEBUG_INFO = NO;
				SDKROOT = iphoneos;
				VALIDATE_PRODUCT = YES;
			};
			name = Release;
		};
		18A420401A46F2BB00A0B013 /* Debug */ = {
			isa = XCBuildConfiguration;
			buildSettings = {
				ASSETCATALOG_COMPILER_APPICON_NAME = AppIcon;
				INFOPLIST_FILE = recal/Info.plist;
				LD_RUNPATH_SEARCH_PATHS = "$(inherited) @executable_path/Frameworks";
				PRODUCT_NAME = "$(TARGET_NAME)";
			};
			name = Debug;
		};
		18A420411A46F2BB00A0B013 /* Release */ = {
			isa = XCBuildConfiguration;
			buildSettings = {
				ASSETCATALOG_COMPILER_APPICON_NAME = AppIcon;
				INFOPLIST_FILE = recal/Info.plist;
				LD_RUNPATH_SEARCH_PATHS = "$(inherited) @executable_path/Frameworks";
				PRODUCT_NAME = "$(TARGET_NAME)";
			};
			name = Release;
		};
		18A420431A46F2BB00A0B013 /* Debug */ = {
			isa = XCBuildConfiguration;
			buildSettings = {
				BUNDLE_LOADER = "$(TEST_HOST)";
				FRAMEWORK_SEARCH_PATHS = (
					"$(SDKROOT)/Developer/Library/Frameworks",
					"$(inherited)",
				);
				GCC_PREPROCESSOR_DEFINITIONS = (
					"DEBUG=1",
					"$(inherited)",
				);
				INFOPLIST_FILE = recalTests/Info.plist;
				LD_RUNPATH_SEARCH_PATHS = "$(inherited) @executable_path/Frameworks @loader_path/Frameworks";
				PRODUCT_NAME = "$(TARGET_NAME)";
				TEST_HOST = "$(BUILT_PRODUCTS_DIR)/recal.app/recal";
			};
			name = Debug;
		};
		18A420441A46F2BB00A0B013 /* Release */ = {
			isa = XCBuildConfiguration;
			buildSettings = {
				BUNDLE_LOADER = "$(TEST_HOST)";
				FRAMEWORK_SEARCH_PATHS = (
					"$(SDKROOT)/Developer/Library/Frameworks",
					"$(inherited)",
				);
				INFOPLIST_FILE = recalTests/Info.plist;
				LD_RUNPATH_SEARCH_PATHS = "$(inherited) @executable_path/Frameworks @loader_path/Frameworks";
				PRODUCT_NAME = "$(TARGET_NAME)";
				TEST_HOST = "$(BUILT_PRODUCTS_DIR)/recal.app/recal";
			};
			name = Release;
		};
/* End XCBuildConfiguration section */

/* Begin XCConfigurationList section */
		18A4201B1A46F2B900A0B013 /* Build configuration list for PBXProject "recal" */ = {
			isa = XCConfigurationList;
			buildConfigurations = (
				18A4203D1A46F2BB00A0B013 /* Debug */,
				18A4203E1A46F2BB00A0B013 /* Release */,
			);
			defaultConfigurationIsVisible = 0;
			defaultConfigurationName = Release;
		};
		18A4203F1A46F2BB00A0B013 /* Build configuration list for PBXNativeTarget "recal" */ = {
			isa = XCConfigurationList;
			buildConfigurations = (
				18A420401A46F2BB00A0B013 /* Debug */,
				18A420411A46F2BB00A0B013 /* Release */,
			);
			defaultConfigurationIsVisible = 0;
		};
		18A420421A46F2BB00A0B013 /* Build configuration list for PBXNativeTarget "recalTests" */ = {
			isa = XCConfigurationList;
			buildConfigurations = (
				18A420431A46F2BB00A0B013 /* Debug */,
				18A420441A46F2BB00A0B013 /* Release */,
			);
			defaultConfigurationIsVisible = 0;
		};
/* End XCConfigurationList section */
	};
	rootObject = 18A420181A46F2B800A0B013 /* Project object */;
}
